
Microsoft Visual Studio Solution File, Format Version 12.00
# Visual Studio Version 17
VisualStudioVersion = 17.14.36301.6 d17.14
MinimumVisualStudioVersion = 10.0.40219.1
Project("{FAE04EC0-301F-11D3-BF4B-00C04F79EFBC}") = "EXAMEN PARCIAL", "EXAMEN PARCIAL\EXAMEN PARCIAL.csproj", "{65CCDB31-ACCE-4B6B-8AEC-93B8A93C276A}"
EndProject
Global
	GlobalSection(SolutionConfigurationPlatforms) = preSolution
		Debug|Any CPU = Debug|Any CPU
		Release|Any CPU = Release|Any CPU
	EndGlobalSection
	GlobalSection(ProjectConfigurationPlatforms) = postSolution
		{65CCDB31-ACCE-4B6B-8AEC-93B8A93C276A}.Debug|Any CPU.ActiveCfg = Debug|Any CPU
		{65CCDB31-ACCE-4B6B-8AEC-93B8A93C276A}.Debug|Any CPU.Build.0 = Debug|Any CPU
		{65CCDB31-ACCE-4B6B-8AEC-93B8A93C276A}.Release|Any CPU.ActiveCfg = Release|Any CPU
		{65CCDB31-ACCE-4B6B-8AEC-93B8A93C276A}.Release|Any CPU.Build.0 = Release|Any CPU
	EndGlobalSection
	GlobalSection(SolutionProperties) = preSolution
		HideSolutionNode = FALSE
	EndGlobalSection
	GlobalSection(ExtensibilityGlobals) = postSolution
		SolutionGuid = {ACA100FD-1D96-4BA2-AA0A-BE504C5F85AE}
	EndGlobalSection
EndGlobal
